// !$*UTF8*$!
{
	archiveVersion = 1;
	classes = {
	};
	objectVersion = 56;
	objects = {

/* Begin PBXBuildFile section */
		8EB55E022BA374C800664576 /* AirUSADataApp.swift in Sources */ = {isa = PBXBuildFile; fileRef = 8EB55E012BA374C800664576 /* AirUSADataApp.swift */; };
		8EB55E062BA374C900664576 /* Assets.xcassets in Resources */ = {isa = PBXBuildFile; fileRef = 8EB55E052BA374C900664576 /* Assets.xcassets */; };
		8EB55E092BA374C900664576 /* Preview Assets.xcassets in Resources */ = {isa = PBXBuildFile; fileRef = 8EB55E082BA374C900664576 /* Preview Assets.xcassets */; };
		8EB55E132BA374CC00664576 /* StateViewModelTests.swift in Sources */ = {isa = PBXBuildFile; fileRef = 8EB55E122BA374CC00664576 /* StateViewModelTests.swift */; };
		8EB55E1D2BA374CC00664576 /* AirUSADataUITests.swift in Sources */ = {isa = PBXBuildFile; fileRef = 8EB55E1C2BA374CC00664576 /* AirUSADataUITests.swift */; };
		8EB55E1F2BA374CC00664576 /* AirUSADataUITestsLaunchTests.swift in Sources */ = {isa = PBXBuildFile; fileRef = 8EB55E1E2BA374CC00664576 /* AirUSADataUITestsLaunchTests.swift */; };
		8EB55E2D2BA3758000664576 /* Networking.swift in Sources */ = {isa = PBXBuildFile; fileRef = 8EB55E2C2BA3758000664576 /* Networking.swift */; };
		8EB55E322BA37ACF00664576 /* NationService.swift in Sources */ = {isa = PBXBuildFile; fileRef = 8EB55E312BA37ACF00664576 /* NationService.swift */; };
		8EB55E352BA37B8D00664576 /* NationPopulation.swift in Sources */ = {isa = PBXBuildFile; fileRef = 8EB55E342BA37B8D00664576 /* NationPopulation.swift */; };
		8EB55E372BA37BF800664576 /* NationPopulationData.swift in Sources */ = {isa = PBXBuildFile; fileRef = 8EB55E362BA37BF800664576 /* NationPopulationData.swift */; };
		8EB55E392BA37D6400664576 /* Networking+Error.swift in Sources */ = {isa = PBXBuildFile; fileRef = 8EB55E382BA37D6400664576 /* Networking+Error.swift */; };
		8EB55E402BA381FE00664576 /* MainView.swift in Sources */ = {isa = PBXBuildFile; fileRef = 8EB55E3F2BA381FE00664576 /* MainView.swift */; };
		8EB55E432BA3823400664576 /* MainViewModel.swift in Sources */ = {isa = PBXBuildFile; fileRef = 8EB55E422BA3823400664576 /* MainViewModel.swift */; };
		8EB55E462BA388A600664576 /* PreviewService.swift in Sources */ = {isa = PBXBuildFile; fileRef = 8EB55E452BA388A600664576 /* PreviewService.swift */; };
		8EB55E482BA3890200664576 /* NationPopulationDataMock.swift in Sources */ = {isa = PBXBuildFile; fileRef = 8EB55E472BA3890200664576 /* NationPopulationDataMock.swift */; };
		8EB55E4A2BA38F5500664576 /* NationItemViewCell.swift in Sources */ = {isa = PBXBuildFile; fileRef = 8EB55E492BA38F5500664576 /* NationItemViewCell.swift */; };
		8EB55E4D2BA3930700664576 /* NationViewModel+PopulationItem.swift in Sources */ = {isa = PBXBuildFile; fileRef = 8EB55E4C2BA3930700664576 /* NationViewModel+PopulationItem.swift */; };
		8EB55E4F2BA3A04200664576 /* HeaderViewCell.swift in Sources */ = {isa = PBXBuildFile; fileRef = 8EB55E4E2BA3A04200664576 /* HeaderViewCell.swift */; };
		8EB55E532BA3AE0800664576 /* NationView.swift in Sources */ = {isa = PBXBuildFile; fileRef = 8EB55E522BA3AE0800664576 /* NationView.swift */; };
		8EB55E552BA3AE3700664576 /* NationViewModel.swift in Sources */ = {isa = PBXBuildFile; fileRef = 8EB55E542BA3AE3700664576 /* NationViewModel.swift */; };
		8EB55E572BA44D2500664576 /* StateView.swift in Sources */ = {isa = PBXBuildFile; fileRef = 8EB55E562BA44D2500664576 /* StateView.swift */; };
		8EB55E592BA44D3500664576 /* StateViewModel.swift in Sources */ = {isa = PBXBuildFile; fileRef = 8EB55E582BA44D3500664576 /* StateViewModel.swift */; };
		8EB55E5B2BA44D4900664576 /* StateService.swift in Sources */ = {isa = PBXBuildFile; fileRef = 8EB55E5A2BA44D4900664576 /* StateService.swift */; };
		8EB55E5D2BA44F6000664576 /* StatePopulation.swift in Sources */ = {isa = PBXBuildFile; fileRef = 8EB55E5C2BA44F6000664576 /* StatePopulation.swift */; };
		8EB55E5F2BA44F7000664576 /* StatePopulationData.swift in Sources */ = {isa = PBXBuildFile; fileRef = 8EB55E5E2BA44F7000664576 /* StatePopulationData.swift */; };
		8EB55E612BA450AF00664576 /* StateViewModel+PopulationItem.swift in Sources */ = {isa = PBXBuildFile; fileRef = 8EB55E602BA450AF00664576 /* StateViewModel+PopulationItem.swift */; };
		8EB55E632BA4AADD00664576 /* StatePopulationDataMock.swift in Sources */ = {isa = PBXBuildFile; fileRef = 8EB55E622BA4AADD00664576 /* StatePopulationDataMock.swift */; };
		8EB55E662BA4AD9B00664576 /* StateItemViewCell.swift in Sources */ = {isa = PBXBuildFile; fileRef = 8EB55E652BA4AD9B00664576 /* StateItemViewCell.swift */; };
		8EB55E6B2BA4B99700664576 /* StateServiceMock.swift in Sources */ = {isa = PBXBuildFile; fileRef = 8EB55E6A2BA4B99700664576 /* StateServiceMock.swift */; };
		8EB55E6D2BA4BAA700664576 /* NationServiceMock.swift in Sources */ = {isa = PBXBuildFile; fileRef = 8EB55E6C2BA4BAA700664576 /* NationServiceMock.swift */; };
		8EB55E6F2BA4BE5B00664576 /* NationViewModelTests.swift in Sources */ = {isa = PBXBuildFile; fileRef = 8EB55E6E2BA4BE5B00664576 /* NationViewModelTests.swift */; };
/* End PBXBuildFile section */

/* Begin PBXContainerItemProxy section */
		8EB55E0F2BA374CC00664576 /* PBXContainerItemProxy */ = {
			isa = PBXContainerItemProxy;
			containerPortal = 8EB55DF62BA374C800664576 /* Project object */;
			proxyType = 1;
			remoteGlobalIDString = 8EB55DFD2BA374C800664576;
			remoteInfo = AirUSAData;
		};
		8EB55E192BA374CC00664576 /* PBXContainerItemProxy */ = {
			isa = PBXContainerItemProxy;
			containerPortal = 8EB55DF62BA374C800664576 /* Project object */;
			proxyType = 1;
			remoteGlobalIDString = 8EB55DFD2BA374C800664576;
			remoteInfo = AirUSAData;
		};
/* End PBXContainerItemProxy section */

/* Begin PBXFileReference section */
		8EB55DFE2BA374C800664576 /* AirUSAData.app */ = {isa = PBXFileReference; explicitFileType = wrapper.application; includeInIndex = 0; path = AirUSAData.app; sourceTree = BUILT_PRODUCTS_DIR; };
		8EB55E012BA374C800664576 /* AirUSADataApp.swift */ = {isa = PBXFileReference; lastKnownFileType = sourcecode.swift; path = AirUSADataApp.swift; sourceTree = "<group>"; };
		8EB55E052BA374C900664576 /* Assets.xcassets */ = {isa = PBXFileReference; lastKnownFileType = folder.assetcatalog; path = Assets.xcassets; sourceTree = "<group>"; };
		8EB55E082BA374C900664576 /* Preview Assets.xcassets */ = {isa = PBXFileReference; lastKnownFileType = folder.assetcatalog; path = "Preview Assets.xcassets"; sourceTree = "<group>"; };
		8EB55E0E2BA374CC00664576 /* AirUSADataTests.xctest */ = {isa = PBXFileReference; explicitFileType = wrapper.cfbundle; includeInIndex = 0; path = AirUSADataTests.xctest; sourceTree = BUILT_PRODUCTS_DIR; };
		8EB55E122BA374CC00664576 /* StateViewModelTests.swift */ = {isa = PBXFileReference; lastKnownFileType = sourcecode.swift; path = StateViewModelTests.swift; sourceTree = "<group>"; };
		8EB55E182BA374CC00664576 /* AirUSADataUITests.xctest */ = {isa = PBXFileReference; explicitFileType = wrapper.cfbundle; includeInIndex = 0; path = AirUSADataUITests.xctest; sourceTree = BUILT_PRODUCTS_DIR; };
		8EB55E1C2BA374CC00664576 /* AirUSADataUITests.swift */ = {isa = PBXFileReference; lastKnownFileType = sourcecode.swift; path = AirUSADataUITests.swift; sourceTree = "<group>"; };
		8EB55E1E2BA374CC00664576 /* AirUSADataUITestsLaunchTests.swift */ = {isa = PBXFileReference; lastKnownFileType = sourcecode.swift; path = AirUSADataUITestsLaunchTests.swift; sourceTree = "<group>"; };
		8EB55E2C2BA3758000664576 /* Networking.swift */ = {isa = PBXFileReference; lastKnownFileType = sourcecode.swift; path = Networking.swift; sourceTree = "<group>"; };
		8EB55E312BA37ACF00664576 /* NationService.swift */ = {isa = PBXFileReference; lastKnownFileType = sourcecode.swift; path = NationService.swift; sourceTree = "<group>"; };
		8EB55E342BA37B8D00664576 /* NationPopulation.swift */ = {isa = PBXFileReference; lastKnownFileType = sourcecode.swift; path = NationPopulation.swift; sourceTree = "<group>"; };
		8EB55E362BA37BF800664576 /* NationPopulationData.swift */ = {isa = PBXFileReference; lastKnownFileType = sourcecode.swift; path = NationPopulationData.swift; sourceTree = "<group>"; };
		8EB55E382BA37D6400664576 /* Networking+Error.swift */ = {isa = PBXFileReference; lastKnownFileType = sourcecode.swift; path = "Networking+Error.swift"; sourceTree = "<group>"; };
		8EB55E3F2BA381FE00664576 /* MainView.swift */ = {isa = PBXFileReference; lastKnownFileType = sourcecode.swift; path = MainView.swift; sourceTree = "<group>"; };
		8EB55E422BA3823400664576 /* MainViewModel.swift */ = {isa = PBXFileReference; lastKnownFileType = sourcecode.swift; path = MainViewModel.swift; sourceTree = "<group>"; };
		8EB55E452BA388A600664576 /* PreviewService.swift */ = {isa = PBXFileReference; lastKnownFileType = sourcecode.swift; path = PreviewService.swift; sourceTree = "<group>"; };
		8EB55E472BA3890200664576 /* NationPopulationDataMock.swift */ = {isa = PBXFileReference; lastKnownFileType = sourcecode.swift; path = NationPopulationDataMock.swift; sourceTree = "<group>"; };
		8EB55E492BA38F5500664576 /* NationItemViewCell.swift */ = {isa = PBXFileReference; lastKnownFileType = sourcecode.swift; path = NationItemViewCell.swift; sourceTree = "<group>"; };
		8EB55E4C2BA3930700664576 /* NationViewModel+PopulationItem.swift */ = {isa = PBXFileReference; lastKnownFileType = sourcecode.swift; path = "NationViewModel+PopulationItem.swift"; sourceTree = "<group>"; };
		8EB55E4E2BA3A04200664576 /* HeaderViewCell.swift */ = {isa = PBXFileReference; lastKnownFileType = sourcecode.swift; path = HeaderViewCell.swift; sourceTree = "<group>"; };
		8EB55E522BA3AE0800664576 /* NationView.swift */ = {isa = PBXFileReference; lastKnownFileType = sourcecode.swift; path = NationView.swift; sourceTree = "<group>"; };
		8EB55E542BA3AE3700664576 /* NationViewModel.swift */ = {isa = PBXFileReference; lastKnownFileType = sourcecode.swift; path = NationViewModel.swift; sourceTree = "<group>"; };
		8EB55E562BA44D2500664576 /* StateView.swift */ = {isa = PBXFileReference; lastKnownFileType = sourcecode.swift; path = StateView.swift; sourceTree = "<group>"; };
		8EB55E582BA44D3500664576 /* StateViewModel.swift */ = {isa = PBXFileReference; lastKnownFileType = sourcecode.swift; path = StateViewModel.swift; sourceTree = "<group>"; };
		8EB55E5A2BA44D4900664576 /* StateService.swift */ = {isa = PBXFileReference; lastKnownFileType = sourcecode.swift; path = StateService.swift; sourceTree = "<group>"; };
		8EB55E5C2BA44F6000664576 /* StatePopulation.swift */ = {isa = PBXFileReference; lastKnownFileType = sourcecode.swift; path = StatePopulation.swift; sourceTree = "<group>"; };
		8EB55E5E2BA44F7000664576 /* StatePopulationData.swift */ = {isa = PBXFileReference; lastKnownFileType = sourcecode.swift; path = StatePopulationData.swift; sourceTree = "<group>"; };
		8EB55E602BA450AF00664576 /* StateViewModel+PopulationItem.swift */ = {isa = PBXFileReference; lastKnownFileType = sourcecode.swift; path = "StateViewModel+PopulationItem.swift"; sourceTree = "<group>"; };
		8EB55E622BA4AADD00664576 /* StatePopulationDataMock.swift */ = {isa = PBXFileReference; lastKnownFileType = sourcecode.swift; path = StatePopulationDataMock.swift; sourceTree = "<group>"; };
		8EB55E652BA4AD9B00664576 /* StateItemViewCell.swift */ = {isa = PBXFileReference; lastKnownFileType = sourcecode.swift; path = StateItemViewCell.swift; sourceTree = "<group>"; };
		8EB55E6A2BA4B99700664576 /* StateServiceMock.swift */ = {isa = PBXFileReference; lastKnownFileType = sourcecode.swift; path = StateServiceMock.swift; sourceTree = "<group>"; };
		8EB55E6C2BA4BAA700664576 /* NationServiceMock.swift */ = {isa = PBXFileReference; lastKnownFileType = sourcecode.swift; path = NationServiceMock.swift; sourceTree = "<group>"; };
		8EB55E6E2BA4BE5B00664576 /* NationViewModelTests.swift */ = {isa = PBXFileReference; lastKnownFileType = sourcecode.swift; path = NationViewModelTests.swift; sourceTree = "<group>"; };
/* End PBXFileReference section */

/* Begin PBXFrameworksBuildPhase section */
		8EB55DFB2BA374C800664576 /* Frameworks */ = {
			isa = PBXFrameworksBuildPhase;
			buildActionMask = 2147483647;
			files = (
			);
			runOnlyForDeploymentPostprocessing = 0;
		};
		8EB55E0B2BA374CC00664576 /* Frameworks */ = {
			isa = PBXFrameworksBuildPhase;
			buildActionMask = 2147483647;
			files = (
			);
			runOnlyForDeploymentPostprocessing = 0;
		};
		8EB55E152BA374CC00664576 /* Frameworks */ = {
			isa = PBXFrameworksBuildPhase;
			buildActionMask = 2147483647;
			files = (
			);
			runOnlyForDeploymentPostprocessing = 0;
		};
/* End PBXFrameworksBuildPhase section */

/* Begin PBXGroup section */
		8EB55DF52BA374C800664576 = {
			isa = PBXGroup;
			children = (
				8EB55E002BA374C800664576 /* AirUSAData */,
				8EB55E112BA374CC00664576 /* AirUSADataTests */,
				8EB55E1B2BA374CC00664576 /* AirUSADataUITests */,
				8EB55DFF2BA374C800664576 /* Products */,
			);
			sourceTree = "<group>";
		};
		8EB55DFF2BA374C800664576 /* Products */ = {
			isa = PBXGroup;
			children = (
				8EB55DFE2BA374C800664576 /* AirUSAData.app */,
				8EB55E0E2BA374CC00664576 /* AirUSADataTests.xctest */,
				8EB55E182BA374CC00664576 /* AirUSADataUITests.xctest */,
			);
			name = Products;
			sourceTree = "<group>";
		};
		8EB55E002BA374C800664576 /* AirUSAData */ = {
			isa = PBXGroup;
			children = (
				8EB55E3C2BA3815100664576 /* View */,
				8EB55E332BA37B2300664576 /* Model */,
				8EB55E302BA3795F00664576 /* Service */,
				8EB55E2B2BA3755E00664576 /* Networking */,
				8EB55E012BA374C800664576 /* AirUSADataApp.swift */,
				8EB55E052BA374C900664576 /* Assets.xcassets */,
				8EB55E072BA374C900664576 /* Preview Content */,
			);
			path = AirUSAData;
			sourceTree = "<group>";
		};
		8EB55E072BA374C900664576 /* Preview Content */ = {
			isa = PBXGroup;
			children = (
				8EB55E082BA374C900664576 /* Preview Assets.xcassets */,
				8EB55E452BA388A600664576 /* PreviewService.swift */,
				8EB55E472BA3890200664576 /* NationPopulationDataMock.swift */,
				8EB55E622BA4AADD00664576 /* StatePopulationDataMock.swift */,
			);
			path = "Preview Content";
			sourceTree = "<group>";
		};
		8EB55E112BA374CC00664576 /* AirUSADataTests */ = {
			isa = PBXGroup;
			children = (
				8EB55E692BA4B96900664576 /* Mock */,
				8EB55E682BA4B8D200664576 /* ViewModel */,
			);
			path = AirUSADataTests;
			sourceTree = "<group>";
		};
		8EB55E1B2BA374CC00664576 /* AirUSADataUITests */ = {
			isa = PBXGroup;
			children = (
				8EB55E1C2BA374CC00664576 /* AirUSADataUITests.swift */,
				8EB55E1E2BA374CC00664576 /* AirUSADataUITestsLaunchTests.swift */,
			);
			path = AirUSADataUITests;
			sourceTree = "<group>";
		};
		8EB55E2B2BA3755E00664576 /* Networking */ = {
			isa = PBXGroup;
			children = (
				8EB55E2C2BA3758000664576 /* Networking.swift */,
				8EB55E382BA37D6400664576 /* Networking+Error.swift */,
			);
			path = Networking;
			sourceTree = "<group>";
		};
		8EB55E302BA3795F00664576 /* Service */ = {
			isa = PBXGroup;
			children = (
				8EB55E312BA37ACF00664576 /* NationService.swift */,
				8EB55E5A2BA44D4900664576 /* StateService.swift */,
			);
			path = Service;
			sourceTree = "<group>";
		};
		8EB55E332BA37B2300664576 /* Model */ = {
			isa = PBXGroup;
			children = (
				8EB55E342BA37B8D00664576 /* NationPopulation.swift */,
				8EB55E362BA37BF800664576 /* NationPopulationData.swift */,
				8EB55E5C2BA44F6000664576 /* StatePopulation.swift */,
				8EB55E5E2BA44F7000664576 /* StatePopulationData.swift */,
			);
			path = Model;
			sourceTree = "<group>";
		};
		8EB55E3C2BA3815100664576 /* View */ = {
			isa = PBXGroup;
			children = (
				8EB55E672BA4ADA300664576 /* Reusable */,
				8EB55E512BA3ADEC00664576 /* State */,
				8EB55E502BA3ADDE00664576 /* Nation */,
				8EB55E412BA3822200664576 /* Main */,
			);
			path = View;
			sourceTree = "<group>";
		};
		8EB55E412BA3822200664576 /* Main */ = {
			isa = PBXGroup;
			children = (
				8EB55E3F2BA381FE00664576 /* MainView.swift */,
				8EB55E422BA3823400664576 /* MainViewModel.swift */,
			);
			path = Main;
			sourceTree = "<group>";
		};
		8EB55E4B2BA3912D00664576 /* Cell */ = {
			isa = PBXGroup;
			children = (
				8EB55E492BA38F5500664576 /* NationItemViewCell.swift */,
			);
			path = Cell;
			sourceTree = "<group>";
		};
		8EB55E502BA3ADDE00664576 /* Nation */ = {
			isa = PBXGroup;
			children = (
				8EB55E4B2BA3912D00664576 /* Cell */,
				8EB55E522BA3AE0800664576 /* NationView.swift */,
				8EB55E542BA3AE3700664576 /* NationViewModel.swift */,
				8EB55E4C2BA3930700664576 /* NationViewModel+PopulationItem.swift */,
			);
			path = Nation;
			sourceTree = "<group>";
		};
		8EB55E512BA3ADEC00664576 /* State */ = {
			isa = PBXGroup;
			children = (
				8EB55E642BA4AC1600664576 /* Cell */,
				8EB55E562BA44D2500664576 /* StateView.swift */,
				8EB55E582BA44D3500664576 /* StateViewModel.swift */,
				8EB55E602BA450AF00664576 /* StateViewModel+PopulationItem.swift */,
			);
			path = State;
			sourceTree = "<group>";
		};
		8EB55E642BA4AC1600664576 /* Cell */ = {
			isa = PBXGroup;
			children = (
				8EB55E652BA4AD9B00664576 /* StateItemViewCell.swift */,
			);
			path = Cell;
			sourceTree = "<group>";
		};
		8EB55E672BA4ADA300664576 /* Reusable */ = {
			isa = PBXGroup;
			children = (
				8EB55E4E2BA3A04200664576 /* HeaderViewCell.swift */,
			);
			path = Reusable;
			sourceTree = "<group>";
		};
		8EB55E682BA4B8D200664576 /* ViewModel */ = {
			isa = PBXGroup;
			children = (
				8EB55E122BA374CC00664576 /* StateViewModelTests.swift */,
				8EB55E6E2BA4BE5B00664576 /* NationViewModelTests.swift */,
			);
			path = ViewModel;
			sourceTree = "<group>";
		};
		8EB55E692BA4B96900664576 /* Mock */ = {
			isa = PBXGroup;
			children = (
				8EB55E6A2BA4B99700664576 /* StateServiceMock.swift */,
				8EB55E6C2BA4BAA700664576 /* NationServiceMock.swift */,
			);
			path = Mock;
			sourceTree = "<group>";
		};
/* End PBXGroup section */

/* Begin PBXNativeTarget section */
		8EB55DFD2BA374C800664576 /* AirUSAData */ = {
			isa = PBXNativeTarget;
			buildConfigurationList = 8EB55E222BA374CC00664576 /* Build configuration list for PBXNativeTarget "AirUSAData" */;
			buildPhases = (
				8EB55DFA2BA374C800664576 /* Sources */,
				8EB55DFB2BA374C800664576 /* Frameworks */,
				8EB55DFC2BA374C800664576 /* Resources */,
			);
			buildRules = (
			);
			dependencies = (
			);
			name = AirUSAData;
			productName = AirUSAData;
			productReference = 8EB55DFE2BA374C800664576 /* AirUSAData.app */;
			productType = "com.apple.product-type.application";
		};
		8EB55E0D2BA374CC00664576 /* AirUSADataTests */ = {
			isa = PBXNativeTarget;
			buildConfigurationList = 8EB55E252BA374CC00664576 /* Build configuration list for PBXNativeTarget "AirUSADataTests" */;
			buildPhases = (
				8EB55E0A2BA374CC00664576 /* Sources */,
				8EB55E0B2BA374CC00664576 /* Frameworks */,
				8EB55E0C2BA374CC00664576 /* Resources */,
			);
			buildRules = (
			);
			dependencies = (
				8EB55E102BA374CC00664576 /* PBXTargetDependency */,
			);
			name = AirUSADataTests;
			productName = AirUSADataTests;
			productReference = 8EB55E0E2BA374CC00664576 /* AirUSADataTests.xctest */;
			productType = "com.apple.product-type.bundle.unit-test";
		};
		8EB55E172BA374CC00664576 /* AirUSADataUITests */ = {
			isa = PBXNativeTarget;
			buildConfigurationList = 8EB55E282BA374CC00664576 /* Build configuration list for PBXNativeTarget "AirUSADataUITests" */;
			buildPhases = (
				8EB55E142BA374CC00664576 /* Sources */,
				8EB55E152BA374CC00664576 /* Frameworks */,
				8EB55E162BA374CC00664576 /* Resources */,
			);
			buildRules = (
			);
			dependencies = (
				8EB55E1A2BA374CC00664576 /* PBXTargetDependency */,
			);
			name = AirUSADataUITests;
			productName = AirUSADataUITests;
			productReference = 8EB55E182BA374CC00664576 /* AirUSADataUITests.xctest */;
			productType = "com.apple.product-type.bundle.ui-testing";
		};
/* End PBXNativeTarget section */

/* Begin PBXProject section */
		8EB55DF62BA374C800664576 /* Project object */ = {
			isa = PBXProject;
			attributes = {
				BuildIndependentTargetsInParallel = 1;
				LastSwiftUpdateCheck = 1530;
				LastUpgradeCheck = 1530;
				TargetAttributes = {
					8EB55DFD2BA374C800664576 = {
						CreatedOnToolsVersion = 15.3;
					};
					8EB55E0D2BA374CC00664576 = {
						CreatedOnToolsVersion = 15.3;
						TestTargetID = 8EB55DFD2BA374C800664576;
					};
					8EB55E172BA374CC00664576 = {
						CreatedOnToolsVersion = 15.3;
						TestTargetID = 8EB55DFD2BA374C800664576;
					};
				};
			};
			buildConfigurationList = 8EB55DF92BA374C800664576 /* Build configuration list for PBXProject "AirUSAData" */;
			compatibilityVersion = "Xcode 14.0";
			developmentRegion = en;
			hasScannedForEncodings = 0;
			knownRegions = (
				en,
				Base,
			);
			mainGroup = 8EB55DF52BA374C800664576;
			productRefGroup = 8EB55DFF2BA374C800664576 /* Products */;
			projectDirPath = "";
			projectRoot = "";
			targets = (
				8EB55DFD2BA374C800664576 /* AirUSAData */,
				8EB55E0D2BA374CC00664576 /* AirUSADataTests */,
				8EB55E172BA374CC00664576 /* AirUSADataUITests */,
			);
		};
/* End PBXProject section */

/* Begin PBXResourcesBuildPhase section */
		8EB55DFC2BA374C800664576 /* Resources */ = {
			isa = PBXResourcesBuildPhase;
			buildActionMask = 2147483647;
			files = (
				8EB55E092BA374C900664576 /* Preview Assets.xcassets in Resources */,
				8EB55E062BA374C900664576 /* Assets.xcassets in Resources */,
			);
			runOnlyForDeploymentPostprocessing = 0;
		};
		8EB55E0C2BA374CC00664576 /* Resources */ = {
			isa = PBXResourcesBuildPhase;
			buildActionMask = 2147483647;
			files = (
			);
			runOnlyForDeploymentPostprocessing = 0;
		};
		8EB55E162BA374CC00664576 /* Resources */ = {
			isa = PBXResourcesBuildPhase;
			buildActionMask = 2147483647;
			files = (
			);
			runOnlyForDeploymentPostprocessing = 0;
		};
/* End PBXResourcesBuildPhase section */

/* Begin PBXSourcesBuildPhase section */
		8EB55DFA2BA374C800664576 /* Sources */ = {
			isa = PBXSourcesBuildPhase;
			buildActionMask = 2147483647;
			files = (
				8EB55E392BA37D6400664576 /* Networking+Error.swift in Sources */,
				8EB55E402BA381FE00664576 /* MainView.swift in Sources */,
				8EB55E552BA3AE3700664576 /* NationViewModel.swift in Sources */,
				8EB55E372BA37BF800664576 /* NationPopulationData.swift in Sources */,
				8EB55E2D2BA3758000664576 /* Networking.swift in Sources */,
				8EB55E322BA37ACF00664576 /* NationService.swift in Sources */,
				8EB55E5D2BA44F6000664576 /* StatePopulation.swift in Sources */,
				8EB55E592BA44D3500664576 /* StateViewModel.swift in Sources */,
				8EB55E572BA44D2500664576 /* StateView.swift in Sources */,
				8EB55E532BA3AE0800664576 /* NationView.swift in Sources */,
				8EB55E5F2BA44F7000664576 /* StatePopulationData.swift in Sources */,
				8EB55E022BA374C800664576 /* AirUSADataApp.swift in Sources */,
				8EB55E632BA4AADD00664576 /* StatePopulationDataMock.swift in Sources */,
				8EB55E482BA3890200664576 /* NationPopulationDataMock.swift in Sources */,
				8EB55E662BA4AD9B00664576 /* StateItemViewCell.swift in Sources */,
				8EB55E612BA450AF00664576 /* StateViewModel+PopulationItem.swift in Sources */,
				8EB55E4F2BA3A04200664576 /* HeaderViewCell.swift in Sources */,
				8EB55E4D2BA3930700664576 /* NationViewModel+PopulationItem.swift in Sources */,
				8EB55E462BA388A600664576 /* PreviewService.swift in Sources */,
				8EB55E352BA37B8D00664576 /* NationPopulation.swift in Sources */,
				8EB55E432BA3823400664576 /* MainViewModel.swift in Sources */,
				8EB55E4A2BA38F5500664576 /* NationItemViewCell.swift in Sources */,
				8EB55E5B2BA44D4900664576 /* StateService.swift in Sources */,
			);
			runOnlyForDeploymentPostprocessing = 0;
		};
		8EB55E0A2BA374CC00664576 /* Sources */ = {
			isa = PBXSourcesBuildPhase;
			buildActionMask = 2147483647;
			files = (
				8EB55E132BA374CC00664576 /* StateViewModelTests.swift in Sources */,
				8EB55E6F2BA4BE5B00664576 /* NationViewModelTests.swift in Sources */,
				8EB55E6D2BA4BAA700664576 /* NationServiceMock.swift in Sources */,
				8EB55E6B2BA4B99700664576 /* StateServiceMock.swift in Sources */,
			);
			runOnlyForDeploymentPostprocessing = 0;
		};
		8EB55E142BA374CC00664576 /* Sources */ = {
			isa = PBXSourcesBuildPhase;
			buildActionMask = 2147483647;
			files = (
				8EB55E1D2BA374CC00664576 /* AirUSADataUITests.swift in Sources */,
				8EB55E1F2BA374CC00664576 /* AirUSADataUITestsLaunchTests.swift in Sources */,
			);
			runOnlyForDeploymentPostprocessing = 0;
		};
/* End PBXSourcesBuildPhase section */

/* Begin PBXTargetDependency section */
		8EB55E102BA374CC00664576 /* PBXTargetDependency */ = {
			isa = PBXTargetDependency;
			target = 8EB55DFD2BA374C800664576 /* AirUSAData */;
			targetProxy = 8EB55E0F2BA374CC00664576 /* PBXContainerItemProxy */;
		};
		8EB55E1A2BA374CC00664576 /* PBXTargetDependency */ = {
			isa = PBXTargetDependency;
			target = 8EB55DFD2BA374C800664576 /* AirUSAData */;
			targetProxy = 8EB55E192BA374CC00664576 /* PBXContainerItemProxy */;
		};
/* End PBXTargetDependency section */

/* Begin XCBuildConfiguration section */
		8EB55E202BA374CC00664576 /* Debug */ = {
			isa = XCBuildConfiguration;
			buildSettings = {
				ALWAYS_SEARCH_USER_PATHS = NO;
				ASSETCATALOG_COMPILER_GENERATE_SWIFT_ASSET_SYMBOL_EXTENSIONS = YES;
				CLANG_ANALYZER_NONNULL = YES;
				CLANG_ANALYZER_NUMBER_OBJECT_CONVERSION = YES_AGGRESSIVE;
				CLANG_CXX_LANGUAGE_STANDARD = "gnu++20";
				CLANG_ENABLE_MODULES = YES;
				CLANG_ENABLE_OBJC_ARC = YES;
				CLANG_ENABLE_OBJC_WEAK = YES;
				CLANG_WARN_BLOCK_CAPTURE_AUTORELEASING = YES;
				CLANG_WARN_BOOL_CONVERSION = YES;
				CLANG_WARN_COMMA = YES;
				CLANG_WARN_CONSTANT_CONVERSION = YES;
				CLANG_WARN_DEPRECATED_OBJC_IMPLEMENTATIONS = YES;
				CLANG_WARN_DIRECT_OBJC_ISA_USAGE = YES_ERROR;
				CLANG_WARN_DOCUMENTATION_COMMENTS = YES;
				CLANG_WARN_EMPTY_BODY = YES;
				CLANG_WARN_ENUM_CONVERSION = YES;
				CLANG_WARN_INFINITE_RECURSION = YES;
				CLANG_WARN_INT_CONVERSION = YES;
				CLANG_WARN_NON_LITERAL_NULL_CONVERSION = YES;
				CLANG_WARN_OBJC_IMPLICIT_RETAIN_SELF = YES;
				CLANG_WARN_OBJC_LITERAL_CONVERSION = YES;
				CLANG_WARN_OBJC_ROOT_CLASS = YES_ERROR;
				CLANG_WARN_QUOTED_INCLUDE_IN_FRAMEWORK_HEADER = YES;
				CLANG_WARN_RANGE_LOOP_ANALYSIS = YES;
				CLANG_WARN_STRICT_PROTOTYPES = YES;
				CLANG_WARN_SUSPICIOUS_MOVE = YES;
				CLANG_WARN_UNGUARDED_AVAILABILITY = YES_AGGRESSIVE;
				CLANG_WARN_UNREACHABLE_CODE = YES;
				CLANG_WARN__DUPLICATE_METHOD_MATCH = YES;
				COPY_PHASE_STRIP = NO;
				DEBUG_INFORMATION_FORMAT = dwarf;
				ENABLE_STRICT_OBJC_MSGSEND = YES;
				ENABLE_TESTABILITY = YES;
				ENABLE_USER_SCRIPT_SANDBOXING = YES;
				GCC_C_LANGUAGE_STANDARD = gnu17;
				GCC_DYNAMIC_NO_PIC = NO;
				GCC_NO_COMMON_BLOCKS = YES;
				GCC_OPTIMIZATION_LEVEL = 0;
				GCC_PREPROCESSOR_DEFINITIONS = (
					"DEBUG=1",
					"$(inherited)",
				);
				GCC_WARN_64_TO_32_BIT_CONVERSION = YES;
				GCC_WARN_ABOUT_RETURN_TYPE = YES_ERROR;
				GCC_WARN_UNDECLARED_SELECTOR = YES;
				GCC_WARN_UNINITIALIZED_AUTOS = YES_AGGRESSIVE;
				GCC_WARN_UNUSED_FUNCTION = YES;
				GCC_WARN_UNUSED_VARIABLE = YES;
				IPHONEOS_DEPLOYMENT_TARGET = 17.4;
				LOCALIZATION_PREFERS_STRING_CATALOGS = YES;
				MTL_ENABLE_DEBUG_INFO = INCLUDE_SOURCE;
				MTL_FAST_MATH = YES;
				ONLY_ACTIVE_ARCH = YES;
				SDKROOT = iphoneos;
				SWIFT_ACTIVE_COMPILATION_CONDITIONS = "DEBUG $(inherited)";
				SWIFT_OPTIMIZATION_LEVEL = "-Onone";
			};
			name = Debug;
		};
		8EB55E212BA374CC00664576 /* Release */ = {
			isa = XCBuildConfiguration;
			buildSettings = {
				ALWAYS_SEARCH_USER_PATHS = NO;
				ASSETCATALOG_COMPILER_GENERATE_SWIFT_ASSET_SYMBOL_EXTENSIONS = YES;
				CLANG_ANALYZER_NONNULL = YES;
				CLANG_ANALYZER_NUMBER_OBJECT_CONVERSION = YES_AGGRESSIVE;
				CLANG_CXX_LANGUAGE_STANDARD = "gnu++20";
				CLANG_ENABLE_MODULES = YES;
				CLANG_ENABLE_OBJC_ARC = YES;
				CLANG_ENABLE_OBJC_WEAK = YES;
				CLANG_WARN_BLOCK_CAPTURE_AUTORELEASING = YES;
				CLANG_WARN_BOOL_CONVERSION = YES;
				CLANG_WARN_COMMA = YES;
				CLANG_WARN_CONSTANT_CONVERSION = YES;
				CLANG_WARN_DEPRECATED_OBJC_IMPLEMENTATIONS = YES;
				CLANG_WARN_DIRECT_OBJC_ISA_USAGE = YES_ERROR;
				CLANG_WARN_DOCUMENTATION_COMMENTS = YES;
				CLANG_WARN_EMPTY_BODY = YES;
				CLANG_WARN_ENUM_CONVERSION = YES;
				CLANG_WARN_INFINITE_RECURSION = YES;
				CLANG_WARN_INT_CONVERSION = YES;
				CLANG_WARN_NON_LITERAL_NULL_CONVERSION = YES;
				CLANG_WARN_OBJC_IMPLICIT_RETAIN_SELF = YES;
				CLANG_WARN_OBJC_LITERAL_CONVERSION = YES;
				CLANG_WARN_OBJC_ROOT_CLASS = YES_ERROR;
				CLANG_WARN_QUOTED_INCLUDE_IN_FRAMEWORK_HEADER = YES;
				CLANG_WARN_RANGE_LOOP_ANALYSIS = YES;
				CLANG_WARN_STRICT_PROTOTYPES = YES;
				CLANG_WARN_SUSPICIOUS_MOVE = YES;
				CLANG_WARN_UNGUARDED_AVAILABILITY = YES_AGGRESSIVE;
				CLANG_WARN_UNREACHABLE_CODE = YES;
				CLANG_WARN__DUPLICATE_METHOD_MATCH = YES;
				COPY_PHASE_STRIP = NO;
				DEBUG_INFORMATION_FORMAT = "dwarf-with-dsym";
				ENABLE_NS_ASSERTIONS = NO;
				ENABLE_STRICT_OBJC_MSGSEND = YES;
				ENABLE_USER_SCRIPT_SANDBOXING = YES;
				GCC_C_LANGUAGE_STANDARD = gnu17;
				GCC_NO_COMMON_BLOCKS = YES;
				GCC_WARN_64_TO_32_BIT_CONVERSION = YES;
				GCC_WARN_ABOUT_RETURN_TYPE = YES_ERROR;
				GCC_WARN_UNDECLARED_SELECTOR = YES;
				GCC_WARN_UNINITIALIZED_AUTOS = YES_AGGRESSIVE;
				GCC_WARN_UNUSED_FUNCTION = YES;
				GCC_WARN_UNUSED_VARIABLE = YES;
				IPHONEOS_DEPLOYMENT_TARGET = 17.4;
				LOCALIZATION_PREFERS_STRING_CATALOGS = YES;
				MTL_ENABLE_DEBUG_INFO = NO;
				MTL_FAST_MATH = YES;
				SDKROOT = iphoneos;
				SWIFT_COMPILATION_MODE = wholemodule;
				VALIDATE_PRODUCT = YES;
			};
			name = Release;
		};
		8EB55E232BA374CC00664576 /* Debug */ = {
			isa = XCBuildConfiguration;
			buildSettings = {
				ASSETCATALOG_COMPILER_APPICON_NAME = AppIcon;
				ASSETCATALOG_COMPILER_GLOBAL_ACCENT_COLOR_NAME = AccentColor;
				CODE_SIGN_STYLE = Automatic;
				CURRENT_PROJECT_VERSION = 1;
				DEVELOPMENT_ASSET_PATHS = "\"AirUSAData/Preview Content\"";
				ENABLE_PREVIEWS = YES;
				GENERATE_INFOPLIST_FILE = YES;
				INFOPLIST_KEY_UIApplicationSceneManifest_Generation = YES;
				INFOPLIST_KEY_UIApplicationSupportsIndirectInputEvents = YES;
				INFOPLIST_KEY_UILaunchScreen_Generation = YES;
				INFOPLIST_KEY_UISupportedInterfaceOrientations_iPad = "UIInterfaceOrientationPortrait UIInterfaceOrientationPortraitUpsideDown UIInterfaceOrientationLandscapeLeft UIInterfaceOrientationLandscapeRight";
				INFOPLIST_KEY_UISupportedInterfaceOrientations_iPhone = "UIInterfaceOrientationPortrait UIInterfaceOrientationLandscapeLeft UIInterfaceOrientationLandscapeRight";
				LD_RUNPATH_SEARCH_PATHS = (
					"$(inherited)",
					"@executable_path/Frameworks",
				);
				MARKETING_VERSION = 1.0;
				PRODUCT_BUNDLE_IDENTIFIER = tgr.AirUSAData;
				PRODUCT_NAME = "$(TARGET_NAME)";
				SWIFT_EMIT_LOC_STRINGS = YES;
				SWIFT_VERSION = 5.0;
				TARGETED_DEVICE_FAMILY = "1,2";
			};
			name = Debug;
		};
		8EB55E242BA374CC00664576 /* Release */ = {
			isa = XCBuildConfiguration;
			buildSettings = {
				ASSETCATALOG_COMPILER_APPICON_NAME = AppIcon;
				ASSETCATALOG_COMPILER_GLOBAL_ACCENT_COLOR_NAME = AccentColor;
				CODE_SIGN_STYLE = Automatic;
				CURRENT_PROJECT_VERSION = 1;
				DEVELOPMENT_ASSET_PATHS = "\"AirUSAData/Preview Content\"";
				ENABLE_PREVIEWS = YES;
				GENERATE_INFOPLIST_FILE = YES;
				INFOPLIST_KEY_UIApplicationSceneManifest_Generation = YES;
				INFOPLIST_KEY_UIApplicationSupportsIndirectInputEvents = YES;
				INFOPLIST_KEY_UILaunchScreen_Generation = YES;
				INFOPLIST_KEY_UISupportedInterfaceOrientations_iPad = "UIInterfaceOrientationPortrait UIInterfaceOrientationPortraitUpsideDown UIInterfaceOrientationLandscapeLeft UIInterfaceOrientationLandscapeRight";
				INFOPLIST_KEY_UISupportedInterfaceOrientations_iPhone = "UIInterfaceOrientationPortrait UIInterfaceOrientationLandscapeLeft UIInterfaceOrientationLandscapeRight";
				LD_RUNPATH_SEARCH_PATHS = (
					"$(inherited)",
					"@executable_path/Frameworks",
				);
				MARKETING_VERSION = 1.0;
				PRODUCT_BUNDLE_IDENTIFIER = tgr.AirUSAData;
				PRODUCT_NAME = "$(TARGET_NAME)";
				SWIFT_EMIT_LOC_STRINGS = YES;
				SWIFT_VERSION = 5.0;
				TARGETED_DEVICE_FAMILY = "1,2";
			};
			name = Release;
		};
		8EB55E262BA374CC00664576 /* Debug */ = {
			isa = XCBuildConfiguration;
			buildSettings = {
				ALWAYS_EMBED_SWIFT_STANDARD_LIBRARIES = YES;
				BUNDLE_LOADER = "$(TEST_HOST)";
				CODE_SIGN_STYLE = Automatic;
				CURRENT_PROJECT_VERSION = 1;
				GENERATE_INFOPLIST_FILE = YES;
				IPHONEOS_DEPLOYMENT_TARGET = 17.4;
				MARKETING_VERSION = 1.0;
				PRODUCT_BUNDLE_IDENTIFIER = tgr.AirUSADataTests;
				PRODUCT_NAME = "$(TARGET_NAME)";
				SWIFT_EMIT_LOC_STRINGS = NO;
				SWIFT_VERSION = 5.0;
				TARGETED_DEVICE_FAMILY = "1,2";
				TEST_HOST = "$(BUILT_PRODUCTS_DIR)/AirUSAData.app/$(BUNDLE_EXECUTABLE_FOLDER_PATH)/AirUSAData";
			};
			name = Debug;
		};
		8EB55E272BA374CC00664576 /* Release */ = {
			isa = XCBuildConfiguration;
			buildSettings = {
				ALWAYS_EMBED_SWIFT_STANDARD_LIBRARIES = YES;
				BUNDLE_LOADER = "$(TEST_HOST)";
				CODE_SIGN_STYLE = Automatic;
				CURRENT_PROJECT_VERSION = 1;
				GENERATE_INFOPLIST_FILE = YES;
				IPHONEOS_DEPLOYMENT_TARGET = 17.4;
				MARKETING_VERSION = 1.0;
				PRODUCT_BUNDLE_IDENTIFIER = tgr.AirUSADataTests;
				PRODUCT_NAME = "$(TARGET_NAME)";
				SWIFT_EMIT_LOC_STRINGS = NO;
				SWIFT_VERSION = 5.0;
				TARGETED_DEVICE_FAMILY = "1,2";
				TEST_HOST = "$(BUILT_PRODUCTS_DIR)/AirUSAData.app/$(BUNDLE_EXECUTABLE_FOLDER_PATH)/AirUSAData";
			};
			name = Release;
		};
		8EB55E292BA374CC00664576 /* Debug */ = {
			isa = XCBuildConfiguration;
			buildSettings = {
				ALWAYS_EMBED_SWIFT_STANDARD_LIBRARIES = YES;
				CODE_SIGN_STYLE = Automatic;
				CURRENT_PROJECT_VERSION = 1;
				GENERATE_INFOPLIST_FILE = YES;
				MARKETING_VERSION = 1.0;
				PRODUCT_BUNDLE_IDENTIFIER = tgr.AirUSADataUITests;
				PRODUCT_NAME = "$(TARGET_NAME)";
				SWIFT_EMIT_LOC_STRINGS = NO;
				SWIFT_VERSION = 5.0;
				TARGETED_DEVICE_FAMILY = "1,2";
				TEST_TARGET_NAME = AirUSAData;
			};
			name = Debug;
		};
		8EB55E2A2BA374CC00664576 /* Release */ = {
			isa = XCBuildConfiguration;
			buildSettings = {
				ALWAYS_EMBED_SWIFT_STANDARD_LIBRARIES = YES;
				CODE_SIGN_STYLE = Automatic;
				CURRENT_PROJECT_VERSION = 1;
				GENERATE_INFOPLIST_FILE = YES;
				MARKETING_VERSION = 1.0;
				PRODUCT_BUNDLE_IDENTIFIER = tgr.AirUSADataUITests;
				PRODUCT_NAME = "$(TARGET_NAME)";
				SWIFT_EMIT_LOC_STRINGS = NO;
				SWIFT_VERSION = 5.0;
				TARGETED_DEVICE_FAMILY = "1,2";
				TEST_TARGET_NAME = AirUSAData;
			};
			name = Release;
		};
/* End XCBuildConfiguration section */

/* Begin XCConfigurationList section */
		8EB55DF92BA374C800664576 /* Build configuration list for PBXProject "AirUSAData" */ = {
			isa = XCConfigurationList;
			buildConfigurations = (
				8EB55E202BA374CC00664576 /* Debug */,
				8EB55E212BA374CC00664576 /* Release */,
			);
			defaultConfigurationIsVisible = 0;
			defaultConfigurationName = Release;
		};
		8EB55E222BA374CC00664576 /* Build configuration list for PBXNativeTarget "AirUSAData" */ = {
			isa = XCConfigurationList;
			buildConfigurations = (
				8EB55E232BA374CC00664576 /* Debug */,
				8EB55E242BA374CC00664576 /* Release */,
			);
			defaultConfigurationIsVisible = 0;
			defaultConfigurationName = Release;
		};
		8EB55E252BA374CC00664576 /* Build configuration list for PBXNativeTarget "AirUSADataTests" */ = {
			isa = XCConfigurationList;
			buildConfigurations = (
				8EB55E262BA374CC00664576 /* Debug */,
				8EB55E272BA374CC00664576 /* Release */,
			);
			defaultConfigurationIsVisible = 0;
			defaultConfigurationName = Release;
		};
		8EB55E282BA374CC00664576 /* Build configuration list for PBXNativeTarget "AirUSADataUITests" */ = {
			isa = XCConfigurationList;
			buildConfigurations = (
				8EB55E292BA374CC00664576 /* Debug */,
				8EB55E2A2BA374CC00664576 /* Release */,
			);
			defaultConfigurationIsVisible = 0;
			defaultConfigurationName = Release;
		};
/* End XCConfigurationList section */
	};
	rootObject = 8EB55DF62BA374C800664576 /* Project object */;
}
