// !$*UTF8*$!
{
	archiveVersion = 1;
	classes = {
	};
	objectVersion = 56;
	objects = {

/* Begin PBXBuildFile section */
		8EB55E022BA374C800664576 /* AirUSADataApp.swift in Sources */ = {isa = PBXBuildFile; fileRef = 8EB55E012BA374C800664576 /* AirUSADataApp.swift */; };
		8EB55E042BA374C800664576 /* ContentView.swift in Sources */ = {isa = PBXBuildFile; fileRef = 8EB55E032BA374C800664576 /* ContentView.swift */; };
		8EB55E062BA374C900664576 /* Assets.xcassets in Resources */ = {isa = PBXBuildFile; fileRef = 8EB55E052BA374C900664576 /* Assets.xcassets */; };
		8EB55E092BA374C900664576 /* Preview Assets.xcassets in Resources */ = {isa = PBXBuildFile; fileRef = 8EB55E082BA374C900664576 /* Preview Assets.xcassets */; };
		8EB55E132BA374CC00664576 /* AirUSADataTests.swift in Sources */ = {isa = PBXBuildFile; fileRef = 8EB55E122BA374CC00664576 /* AirUSADataTests.swift */; };
		8EB55E1D2BA374CC00664576 /* AirUSADataUITests.swift in Sources */ = {isa = PBXBuildFile; fileRef = 8EB55E1C2BA374CC00664576 /* AirUSADataUITests.swift */; };
		8EB55E1F2BA374CC00664576 /* AirUSADataUITestsLaunchTests.swift in Sources */ = {isa = PBXBuildFile; fileRef = 8EB55E1E2BA374CC00664576 /* AirUSADataUITestsLaunchTests.swift */; };
/* End PBXBuildFile section */

/* Begin PBXContainerItemProxy section */
		8EB55E0F2BA374CC00664576 /* PBXContainerItemProxy */ = {
			isa = PBXContainerItemProxy;
			containerPortal = 8EB55DF62BA374C800664576 /* Project object */;
			proxyType = 1;
			remoteGlobalIDString = 8EB55DFD2BA374C800664576;
			remoteInfo = AirUSAData;
		};
		8EB55E192BA374CC00664576 /* PBXContainerItemProxy */ = {
			isa = PBXContainerItemProxy;
			containerPortal = 8EB55DF62BA374C800664576 /* Project object */;
			proxyType = 1;
			remoteGlobalIDString = 8EB55DFD2BA374C800664576;
			remoteInfo = AirUSAData;
		};
/* End PBXContainerItemProxy section */

/* Begin PBXFileReference section */
		8EB55DFE2BA374C800664576 /* AirUSAData.app */ = {isa = PBXFileReference; explicitFileType = wrapper.application; includeInIndex = 0; path = AirUSAData.app; sourceTree = BUILT_PRODUCTS_DIR; };
		8EB55E012BA374C800664576 /* AirUSADataApp.swift */ = {isa = PBXFileReference; lastKnownFileType = sourcecode.swift; path = AirUSADataApp.swift; sourceTree = "<group>"; };
		8EB55E032BA374C800664576 /* ContentView.swift */ = {isa = PBXFileReference; lastKnownFileType = sourcecode.swift; path = ContentView.swift; sourceTree = "<group>"; };
		8EB55E052BA374C900664576 /* Assets.xcassets */ = {isa = PBXFileReference; lastKnownFileType = folder.assetcatalog; path = Assets.xcassets; sourceTree = "<group>"; };
		8EB55E082BA374C900664576 /* Preview Assets.xcassets */ = {isa = PBXFileReference; lastKnownFileType = folder.assetcatalog; path = "Preview Assets.xcassets"; sourceTree = "<group>"; };
		8EB55E0E2BA374CC00664576 /* AirUSADataTests.xctest */ = {isa = PBXFileReference; explicitFileType = wrapper.cfbundle; includeInIndex = 0; path = AirUSADataTests.xctest; sourceTree = BUILT_PRODUCTS_DIR; };
		8EB55E122BA374CC00664576 /* AirUSADataTests.swift */ = {isa = PBXFileReference; lastKnownFileType = sourcecode.swift; path = AirUSADataTests.swift; sourceTree = "<group>"; };
		8EB55E182BA374CC00664576 /* AirUSADataUITests.xctest */ = {isa = PBXFileReference; explicitFileType = wrapper.cfbundle; includeInIndex = 0; path = AirUSADataUITests.xctest; sourceTree = BUILT_PRODUCTS_DIR; };
		8EB55E1C2BA374CC00664576 /* AirUSADataUITests.swift */ = {isa = PBXFileReference; lastKnownFileType = sourcecode.swift; path = AirUSADataUITests.swift; sourceTree = "<group>"; };
		8EB55E1E2BA374CC00664576 /* AirUSADataUITestsLaunchTests.swift */ = {isa = PBXFileReference; lastKnownFileType = sourcecode.swift; path = AirUSADataUITestsLaunchTests.swift; sourceTree = "<group>"; };
/* End PBXFileReference section */

/* Begin PBXFrameworksBuildPhase section */
		8EB55DFB2BA374C800664576 /* Frameworks */ = {
			isa = PBXFrameworksBuildPhase;
			buildActionMask = 2147483647;
			files = (
			);
			runOnlyForDeploymentPostprocessing = 0;
		};
		8EB55E0B2BA374CC00664576 /* Frameworks */ = {
			isa = PBXFrameworksBuildPhase;
			buildActionMask = 2147483647;
			files = (
			);
			runOnlyForDeploymentPostprocessing = 0;
		};
		8EB55E152BA374CC00664576 /* Frameworks */ = {
			isa = PBXFrameworksBuildPhase;
			buildActionMask = 2147483647;
			files = (
			);
			runOnlyForDeploymentPostprocessing = 0;
		};
/* End PBXFrameworksBuildPhase section */

/* Begin PBXGroup section */
		8EB55DF52BA374C800664576 = {
			isa = PBXGroup;
			children = (
				8EB55E002BA374C800664576 /* AirUSAData */,
				8EB55E112BA374CC00664576 /* AirUSADataTests */,
				8EB55E1B2BA374CC00664576 /* AirUSADataUITests */,
				8EB55DFF2BA374C800664576 /* Products */,
			);
			sourceTree = "<group>";
		};
		8EB55DFF2BA374C800664576 /* Products */ = {
			isa = PBXGroup;
			children = (
				8EB55DFE2BA374C800664576 /* AirUSAData.app */,
				8EB55E0E2BA374CC00664576 /* AirUSADataTests.xctest */,
				8EB55E182BA374CC00664576 /* AirUSADataUITests.xctest */,
			);
			name = Products;
			sourceTree = "<group>";
		};
		8EB55E002BA374C800664576 /* AirUSAData */ = {
			isa = PBXGroup;
			children = (
				8EB55E012BA374C800664576 /* AirUSADataApp.swift */,
				8EB55E032BA374C800664576 /* ContentView.swift */,
				8EB55E052BA374C900664576 /* Assets.xcassets */,
				8EB55E072BA374C900664576 /* Preview Content */,
			);
			path = AirUSAData;
			sourceTree = "<group>";
		};
		8EB55E072BA374C900664576 /* Preview Content */ = {
			isa = PBXGroup;
			children = (
				8EB55E082BA374C900664576 /* Preview Assets.xcassets */,
			);
			path = "Preview Content";
			sourceTree = "<group>";
		};
		8EB55E112BA374CC00664576 /* AirUSADataTests */ = {
			isa = PBXGroup;
			children = (
				8EB55E122BA374CC00664576 /* AirUSADataTests.swift */,
			);
			path = AirUSADataTests;
			sourceTree = "<group>";
		};
		8EB55E1B2BA374CC00664576 /* AirUSADataUITests */ = {
			isa = PBXGroup;
			children = (
				8EB55E1C2BA374CC00664576 /* AirUSADataUITests.swift */,
				8EB55E1E2BA374CC00664576 /* AirUSADataUITestsLaunchTests.swift */,
			);
			path = AirUSADataUITests;
			sourceTree = "<group>";
		};
/* End PBXGroup section */

/* Begin PBXNativeTarget section */
		8EB55DFD2BA374C800664576 /* AirUSAData */ = {
			isa = PBXNativeTarget;
			buildConfigurationList = 8EB55E222BA374CC00664576 /* Build configuration list for PBXNativeTarget "AirUSAData" */;
			buildPhases = (
				8EB55DFA2BA374C800664576 /* Sources */,
				8EB55DFB2BA374C800664576 /* Frameworks */,
				8EB55DFC2BA374C800664576 /* Resources */,
			);
			buildRules = (
			);
			dependencies = (
			);
			name = AirUSAData;
			productName = AirUSAData;
			productReference = 8EB55DFE2BA374C800664576 /* AirUSAData.app */;
			productType = "com.apple.product-type.application";
		};
		8EB55E0D2BA374CC00664576 /* AirUSADataTests */ = {
			isa = PBXNativeTarget;
			buildConfigurationList = 8EB55E252BA374CC00664576 /* Build configuration list for PBXNativeTarget "AirUSADataTests" */;
			buildPhases = (
				8EB55E0A2BA374CC00664576 /* Sources */,
				8EB55E0B2BA374CC00664576 /* Frameworks */,
				8EB55E0C2BA374CC00664576 /* Resources */,
			);
			buildRules = (
			);
			dependencies = (
				8EB55E102BA374CC00664576 /* PBXTargetDependency */,
			);
			name = AirUSADataTests;
			productName = AirUSADataTests;
			productReference = 8EB55E0E2BA374CC00664576 /* AirUSADataTests.xctest */;
			productType = "com.apple.product-type.bundle.unit-test";
		};
		8EB55E172BA374CC00664576 /* AirUSADataUITests */ = {
			isa = PBXNativeTarget;
			buildConfigurationList = 8EB55E282BA374CC00664576 /* Build configuration list for PBXNativeTarget "AirUSADataUITests" */;
			buildPhases = (
				8EB55E142BA374CC00664576 /* Sources */,
				8EB55E152BA374CC00664576 /* Frameworks */,
				8EB55E162BA374CC00664576 /* Resources */,
			);
			buildRules = (
			);
			dependencies = (
				8EB55E1A2BA374CC00664576 /* PBXTargetDependency */,
			);
			name = AirUSADataUITests;
			productName = AirUSADataUITests;
			productReference = 8EB55E182BA374CC00664576 /* AirUSADataUITests.xctest */;
			productType = "com.apple.product-type.bundle.ui-testing";
		};
/* End PBXNativeTarget section */

/* Begin PBXProject section */
		8EB55DF62BA374C800664576 /* Project object */ = {
			isa = PBXProject;
			attributes = {
				BuildIndependentTargetsInParallel = 1;
				LastSwiftUpdateCheck = 1530;
				LastUpgradeCheck = 1530;
				TargetAttributes = {
					8EB55DFD2BA374C800664576 = {
						CreatedOnToolsVersion = 15.3;
					};
					8EB55E0D2BA374CC00664576 = {
						CreatedOnToolsVersion = 15.3;
						TestTargetID = 8EB55DFD2BA374C800664576;
					};
					8EB55E172BA374CC00664576 = {
						CreatedOnToolsVersion = 15.3;
						TestTargetID = 8EB55DFD2BA374C800664576;
					};
				};
			};
			buildConfigurationList = 8EB55DF92BA374C800664576 /* Build configuration list for PBXProject "AirUSAData" */;
			compatibilityVersion = "Xcode 14.0";
			developmentRegion = en;
			hasScannedForEncodings = 0;
			knownRegions = (
				en,
				Base,
			);
			mainGroup = 8EB55DF52BA374C800664576;
			productRefGroup = 8EB55DFF2BA374C800664576 /* Products */;
			projectDirPath = "";
			projectRoot = "";
			targets = (
				8EB55DFD2BA374C800664576 /* AirUSAData */,
				8EB55E0D2BA374CC00664576 /* AirUSADataTests */,
				8EB55E172BA374CC00664576 /* AirUSADataUITests */,
			);
		};
/* End PBXProject section */

/* Begin PBXResourcesBuildPhase section */
		8EB55DFC2BA374C800664576 /* Resources */ = {
			isa = PBXResourcesBuildPhase;
			buildActionMask = 2147483647;
			files = (
				8EB55E092BA374C900664576 /* Preview Assets.xcassets in Resources */,
				8EB55E062BA374C900664576 /* Assets.xcassets in Resources */,
			);
			runOnlyForDeploymentPostprocessing = 0;
		};
		8EB55E0C2BA374CC00664576 /* Resources */ = {
			isa = PBXResourcesBuildPhase;
			buildActionMask = 2147483647;
			files = (
			);
			runOnlyForDeploymentPostprocessing = 0;
		};
		8EB55E162BA374CC00664576 /* Resources */ = {
			isa = PBXResourcesBuildPhase;
			buildActionMask = 2147483647;
			files = (
			);
			runOnlyForDeploymentPostprocessing = 0;
		};
/* End PBXResourcesBuildPhase section */

/* Begin PBXSourcesBuildPhase section */
		8EB55DFA2BA374C800664576 /* Sources */ = {
			isa = PBXSourcesBuildPhase;
			buildActionMask = 2147483647;
			files = (
				8EB55E042BA374C800664576 /* ContentView.swift in Sources */,
				8EB55E022BA374C800664576 /* AirUSADataApp.swift in Sources */,
			);
			runOnlyForDeploymentPostprocessing = 0;
		};
		8EB55E0A2BA374CC00664576 /* Sources */ = {
			isa = PBXSourcesBuildPhase;
			buildActionMask = 2147483647;
			files = (
				8EB55E132BA374CC00664576 /* AirUSADataTests.swift in Sources */,
			);
			runOnlyForDeploymentPostprocessing = 0;
		};
		8EB55E142BA374CC00664576 /* Sources */ = {
			isa = PBXSourcesBuildPhase;
			buildActionMask = 2147483647;
			files = (
				8EB55E1D2BA374CC00664576 /* AirUSADataUITests.swift in Sources */,
				8EB55E1F2BA374CC00664576 /* AirUSADataUITestsLaunchTests.swift in Sources */,
			);
			runOnlyForDeploymentPostprocessing = 0;
		};
/* End PBXSourcesBuildPhase section */

/* Begin PBXTargetDependency section */
		8EB55E102BA374CC00664576 /* PBXTargetDependency */ = {
			isa = PBXTargetDependency;
			target = 8EB55DFD2BA374C800664576 /* AirUSAData */;
			targetProxy = 8EB55E0F2BA374CC00664576 /* PBXContainerItemProxy */;
		};
		8EB55E1A2BA374CC00664576 /* PBXTargetDependency */ = {
			isa = PBXTargetDependency;
			target = 8EB55DFD2BA374C800664576 /* AirUSAData */;
			targetProxy = 8EB55E192BA374CC00664576 /* PBXContainerItemProxy */;
		};
/* End PBXTargetDependency section */

/* Begin XCBuildConfiguration section */
		8EB55E202BA374CC00664576 /* Debug */ = {
			isa = XCBuildConfiguration;
			buildSettings = {
				ALWAYS_SEARCH_USER_PATHS = NO;
				ASSETCATALOG_COMPILER_GENERATE_SWIFT_ASSET_SYMBOL_EXTENSIONS = YES;
				CLANG_ANALYZER_NONNULL = YES;
				CLANG_ANALYZER_NUMBER_OBJECT_CONVERSION = YES_AGGRESSIVE;
				CLANG_CXX_LANGUAGE_STANDARD = "gnu++20";
				CLANG_ENABLE_MODULES = YES;
				CLANG_ENABLE_OBJC_ARC = YES;
				CLANG_ENABLE_OBJC_WEAK = YES;
				CLANG_WARN_BLOCK_CAPTURE_AUTORELEASING = YES;
				CLANG_WARN_BOOL_CONVERSION = YES;
				CLANG_WARN_COMMA = YES;
				CLANG_WARN_CONSTANT_CONVERSION = YES;
				CLANG_WARN_DEPRECATED_OBJC_IMPLEMENTATIONS = YES;
				CLANG_WARN_DIRECT_OBJC_ISA_USAGE = YES_ERROR;
				CLANG_WARN_DOCUMENTATION_COMMENTS = YES;
				CLANG_WARN_EMPTY_BODY = YES;
				CLANG_WARN_ENUM_CONVERSION = YES;
				CLANG_WARN_INFINITE_RECURSION = YES;
				CLANG_WARN_INT_CONVERSION = YES;
				CLANG_WARN_NON_LITERAL_NULL_CONVERSION = YES;
				CLANG_WARN_OBJC_IMPLICIT_RETAIN_SELF = YES;
				CLANG_WARN_OBJC_LITERAL_CONVERSION = YES;
				CLANG_WARN_OBJC_ROOT_CLASS = YES_ERROR;
				CLANG_WARN_QUOTED_INCLUDE_IN_FRAMEWORK_HEADER = YES;
				CLANG_WARN_RANGE_LOOP_ANALYSIS = YES;
				CLANG_WARN_STRICT_PROTOTYPES = YES;
				CLANG_WARN_SUSPICIOUS_MOVE = YES;
				CLANG_WARN_UNGUARDED_AVAILABILITY = YES_AGGRESSIVE;
				CLANG_WARN_UNREACHABLE_CODE = YES;
				CLANG_WARN__DUPLICATE_METHOD_MATCH = YES;
				COPY_PHASE_STRIP = NO;
				DEBUG_INFORMATION_FORMAT = dwarf;
				ENABLE_STRICT_OBJC_MSGSEND = YES;
				ENABLE_TESTABILITY = YES;
				ENABLE_USER_SCRIPT_SANDBOXING = YES;
				GCC_C_LANGUAGE_STANDARD = gnu17;
				GCC_DYNAMIC_NO_PIC = NO;
				GCC_NO_COMMON_BLOCKS = YES;
				GCC_OPTIMIZATION_LEVEL = 0;
				GCC_PREPROCESSOR_DEFINITIONS = (
					"DEBUG=1",
					"$(inherited)",
				);
				GCC_WARN_64_TO_32_BIT_CONVERSION = YES;
				GCC_WARN_ABOUT_RETURN_TYPE = YES_ERROR;
				GCC_WARN_UNDECLARED_SELECTOR = YES;
				GCC_WARN_UNINITIALIZED_AUTOS = YES_AGGRESSIVE;
				GCC_WARN_UNUSED_FUNCTION = YES;
				GCC_WARN_UNUSED_VARIABLE = YES;
				IPHONEOS_DEPLOYMENT_TARGET = 17.4;
				LOCALIZATION_PREFERS_STRING_CATALOGS = YES;
				MTL_ENABLE_DEBUG_INFO = INCLUDE_SOURCE;
				MTL_FAST_MATH = YES;
				ONLY_ACTIVE_ARCH = YES;
				SDKROOT = iphoneos;
				SWIFT_ACTIVE_COMPILATION_CONDITIONS = "DEBUG $(inherited)";
				SWIFT_OPTIMIZATION_LEVEL = "-Onone";
			};
			name = Debug;
		};
		8EB55E212BA374CC00664576 /* Release */ = {
			isa = XCBuildConfiguration;
			buildSettings = {
				ALWAYS_SEARCH_USER_PATHS = NO;
				ASSETCATALOG_COMPILER_GENERATE_SWIFT_ASSET_SYMBOL_EXTENSIONS = YES;
				CLANG_ANALYZER_NONNULL = YES;
				CLANG_ANALYZER_NUMBER_OBJECT_CONVERSION = YES_AGGRESSIVE;
				CLANG_CXX_LANGUAGE_STANDARD = "gnu++20";
				CLANG_ENABLE_MODULES = YES;
				CLANG_ENABLE_OBJC_ARC = YES;
				CLANG_ENABLE_OBJC_WEAK = YES;
				CLANG_WARN_BLOCK_CAPTURE_AUTORELEASING = YES;
				CLANG_WARN_BOOL_CONVERSION = YES;
				CLANG_WARN_COMMA = YES;
				CLANG_WARN_CONSTANT_CONVERSION = YES;
				CLANG_WARN_DEPRECATED_OBJC_IMPLEMENTATIONS = YES;
				CLANG_WARN_DIRECT_OBJC_ISA_USAGE = YES_ERROR;
				CLANG_WARN_DOCUMENTATION_COMMENTS = YES;
				CLANG_WARN_EMPTY_BODY = YES;
				CLANG_WARN_ENUM_CONVERSION = YES;
				CLANG_WARN_INFINITE_RECURSION = YES;
				CLANG_WARN_INT_CONVERSION = YES;
				CLANG_WARN_NON_LITERAL_NULL_CONVERSION = YES;
				CLANG_WARN_OBJC_IMPLICIT_RETAIN_SELF = YES;
				CLANG_WARN_OBJC_LITERAL_CONVERSION = YES;
				CLANG_WARN_OBJC_ROOT_CLASS = YES_ERROR;
				CLANG_WARN_QUOTED_INCLUDE_IN_FRAMEWORK_HEADER = YES;
				CLANG_WARN_RANGE_LOOP_ANALYSIS = YES;
				CLANG_WARN_STRICT_PROTOTYPES = YES;
				CLANG_WARN_SUSPICIOUS_MOVE = YES;
				CLANG_WARN_UNGUARDED_AVAILABILITY = YES_AGGRESSIVE;
				CLANG_WARN_UNREACHABLE_CODE = YES;
				CLANG_WARN__DUPLICATE_METHOD_MATCH = YES;
				COPY_PHASE_STRIP = NO;
				DEBUG_INFORMATION_FORMAT = "dwarf-with-dsym";
				ENABLE_NS_ASSERTIONS = NO;
				ENABLE_STRICT_OBJC_MSGSEND = YES;
				ENABLE_USER_SCRIPT_SANDBOXING = YES;
				GCC_C_LANGUAGE_STANDARD = gnu17;
				GCC_NO_COMMON_BLOCKS = YES;
				GCC_WARN_64_TO_32_BIT_CONVERSION = YES;
				GCC_WARN_ABOUT_RETURN_TYPE = YES_ERROR;
				GCC_WARN_UNDECLARED_SELECTOR = YES;
				GCC_WARN_UNINITIALIZED_AUTOS = YES_AGGRESSIVE;
				GCC_WARN_UNUSED_FUNCTION = YES;
				GCC_WARN_UNUSED_VARIABLE = YES;
				IPHONEOS_DEPLOYMENT_TARGET = 17.4;
				LOCALIZATION_PREFERS_STRING_CATALOGS = YES;
				MTL_ENABLE_DEBUG_INFO = NO;
				MTL_FAST_MATH = YES;
				SDKROOT = iphoneos;
				SWIFT_COMPILATION_MODE = wholemodule;
				VALIDATE_PRODUCT = YES;
			};
			name = Release;
		};
		8EB55E232BA374CC00664576 /* Debug */ = {
			isa = XCBuildConfiguration;
			buildSettings = {
				ASSETCATALOG_COMPILER_APPICON_NAME = AppIcon;
				ASSETCATALOG_COMPILER_GLOBAL_ACCENT_COLOR_NAME = AccentColor;
				CODE_SIGN_STYLE = Automatic;
				CURRENT_PROJECT_VERSION = 1;
				DEVELOPMENT_ASSET_PATHS = "\"AirUSAData/Preview Content\"";
				ENABLE_PREVIEWS = YES;
				GENERATE_INFOPLIST_FILE = YES;
				INFOPLIST_KEY_UIApplicationSceneManifest_Generation = YES;
				INFOPLIST_KEY_UIApplicationSupportsIndirectInputEvents = YES;
				INFOPLIST_KEY_UILaunchScreen_Generation = YES;
				INFOPLIST_KEY_UISupportedInterfaceOrientations_iPad = "UIInterfaceOrientationPortrait UIInterfaceOrientationPortraitUpsideDown UIInterfaceOrientationLandscapeLeft UIInterfaceOrientationLandscapeRight";
				INFOPLIST_KEY_UISupportedInterfaceOrientations_iPhone = "UIInterfaceOrientationPortrait UIInterfaceOrientationLandscapeLeft UIInterfaceOrientationLandscapeRight";
				LD_RUNPATH_SEARCH_PATHS = (
					"$(inherited)",
					"@executable_path/Frameworks",
				);
				MARKETING_VERSION = 1.0;
				PRODUCT_BUNDLE_IDENTIFIER = tgr.AirUSAData;
				PRODUCT_NAME = "$(TARGET_NAME)";
				SWIFT_EMIT_LOC_STRINGS = YES;
				SWIFT_VERSION = 5.0;
				TARGETED_DEVICE_FAMILY = "1,2";
			};
			name = Debug;
		};
		8EB55E242BA374CC00664576 /* Release */ = {
			isa = XCBuildConfiguration;
			buildSettings = {
				ASSETCATALOG_COMPILER_APPICON_NAME = AppIcon;
				ASSETCATALOG_COMPILER_GLOBAL_ACCENT_COLOR_NAME = AccentColor;
				CODE_SIGN_STYLE = Automatic;
				CURRENT_PROJECT_VERSION = 1;
				DEVELOPMENT_ASSET_PATHS = "\"AirUSAData/Preview Content\"";
				ENABLE_PREVIEWS = YES;
				GENERATE_INFOPLIST_FILE = YES;
				INFOPLIST_KEY_UIApplicationSceneManifest_Generation = YES;
				INFOPLIST_KEY_UIApplicationSupportsIndirectInputEvents = YES;
				INFOPLIST_KEY_UILaunchScreen_Generation = YES;
				INFOPLIST_KEY_UISupportedInterfaceOrientations_iPad = "UIInterfaceOrientationPortrait UIInterfaceOrientationPortraitUpsideDown UIInterfaceOrientationLandscapeLeft UIInterfaceOrientationLandscapeRight";
				INFOPLIST_KEY_UISupportedInterfaceOrientations_iPhone = "UIInterfaceOrientationPortrait UIInterfaceOrientationLandscapeLeft UIInterfaceOrientationLandscapeRight";
				LD_RUNPATH_SEARCH_PATHS = (
					"$(inherited)",
					"@executable_path/Frameworks",
				);
				MARKETING_VERSION = 1.0;
				PRODUCT_BUNDLE_IDENTIFIER = tgr.AirUSAData;
				PRODUCT_NAME = "$(TARGET_NAME)";
				SWIFT_EMIT_LOC_STRINGS = YES;
				SWIFT_VERSION = 5.0;
				TARGETED_DEVICE_FAMILY = "1,2";
			};
			name = Release;
		};
		8EB55E262BA374CC00664576 /* Debug */ = {
			isa = XCBuildConfiguration;
			buildSettings = {
				ALWAYS_EMBED_SWIFT_STANDARD_LIBRARIES = YES;
				BUNDLE_LOADER = "$(TEST_HOST)";
				CODE_SIGN_STYLE = Automatic;
				CURRENT_PROJECT_VERSION = 1;
				GENERATE_INFOPLIST_FILE = YES;
				IPHONEOS_DEPLOYMENT_TARGET = 17.4;
				MARKETING_VERSION = 1.0;
				PRODUCT_BUNDLE_IDENTIFIER = tgr.AirUSADataTests;
				PRODUCT_NAME = "$(TARGET_NAME)";
				SWIFT_EMIT_LOC_STRINGS = NO;
				SWIFT_VERSION = 5.0;
				TARGETED_DEVICE_FAMILY = "1,2";
				TEST_HOST = "$(BUILT_PRODUCTS_DIR)/AirUSAData.app/$(BUNDLE_EXECUTABLE_FOLDER_PATH)/AirUSAData";
			};
			name = Debug;
		};
		8EB55E272BA374CC00664576 /* Release */ = {
			isa = XCBuildConfiguration;
			buildSettings = {
				ALWAYS_EMBED_SWIFT_STANDARD_LIBRARIES = YES;
				BUNDLE_LOADER = "$(TEST_HOST)";
				CODE_SIGN_STYLE = Automatic;
				CURRENT_PROJECT_VERSION = 1;
				GENERATE_INFOPLIST_FILE = YES;
				IPHONEOS_DEPLOYMENT_TARGET = 17.4;
				MARKETING_VERSION = 1.0;
				PRODUCT_BUNDLE_IDENTIFIER = tgr.AirUSADataTests;
				PRODUCT_NAME = "$(TARGET_NAME)";
				SWIFT_EMIT_LOC_STRINGS = NO;
				SWIFT_VERSION = 5.0;
				TARGETED_DEVICE_FAMILY = "1,2";
				TEST_HOST = "$(BUILT_PRODUCTS_DIR)/AirUSAData.app/$(BUNDLE_EXECUTABLE_FOLDER_PATH)/AirUSAData";
			};
			name = Release;
		};
		8EB55E292BA374CC00664576 /* Debug */ = {
			isa = XCBuildConfiguration;
			buildSettings = {
				ALWAYS_EMBED_SWIFT_STANDARD_LIBRARIES = YES;
				CODE_SIGN_STYLE = Automatic;
				CURRENT_PROJECT_VERSION = 1;
				GENERATE_INFOPLIST_FILE = YES;
				MARKETING_VERSION = 1.0;
				PRODUCT_BUNDLE_IDENTIFIER = tgr.AirUSADataUITests;
				PRODUCT_NAME = "$(TARGET_NAME)";
				SWIFT_EMIT_LOC_STRINGS = NO;
				SWIFT_VERSION = 5.0;
				TARGETED_DEVICE_FAMILY = "1,2";
				TEST_TARGET_NAME = AirUSAData;
			};
			name = Debug;
		};
		8EB55E2A2BA374CC00664576 /* Release */ = {
			isa = XCBuildConfiguration;
			buildSettings = {
				ALWAYS_EMBED_SWIFT_STANDARD_LIBRARIES = YES;
				CODE_SIGN_STYLE = Automatic;
				CURRENT_PROJECT_VERSION = 1;
				GENERATE_INFOPLIST_FILE = YES;
				MARKETING_VERSION = 1.0;
				PRODUCT_BUNDLE_IDENTIFIER = tgr.AirUSADataUITests;
				PRODUCT_NAME = "$(TARGET_NAME)";
				SWIFT_EMIT_LOC_STRINGS = NO;
				SWIFT_VERSION = 5.0;
				TARGETED_DEVICE_FAMILY = "1,2";
				TEST_TARGET_NAME = AirUSAData;
			};
			name = Release;
		};
/* End XCBuildConfiguration section */

/* Begin XCConfigurationList section */
		8EB55DF92BA374C800664576 /* Build configuration list for PBXProject "AirUSAData" */ = {
			isa = XCConfigurationList;
			buildConfigurations = (
				8EB55E202BA374CC00664576 /* Debug */,
				8EB55E212BA374CC00664576 /* Release */,
			);
			defaultConfigurationIsVisible = 0;
			defaultConfigurationName = Release;
		};
		8EB55E222BA374CC00664576 /* Build configuration list for PBXNativeTarget "AirUSAData" */ = {
			isa = XCConfigurationList;
			buildConfigurations = (
				8EB55E232BA374CC00664576 /* Debug */,
				8EB55E242BA374CC00664576 /* Release */,
			);
			defaultConfigurationIsVisible = 0;
			defaultConfigurationName = Release;
		};
		8EB55E252BA374CC00664576 /* Build configuration list for PBXNativeTarget "AirUSADataTests" */ = {
			isa = XCConfigurationList;
			buildConfigurations = (
				8EB55E262BA374CC00664576 /* Debug */,
				8EB55E272BA374CC00664576 /* Release */,
			);
			defaultConfigurationIsVisible = 0;
			defaultConfigurationName = Release;
		};
		8EB55E282BA374CC00664576 /* Build configuration list for PBXNativeTarget "AirUSADataUITests" */ = {
			isa = XCConfigurationList;
			buildConfigurations = (
				8EB55E292BA374CC00664576 /* Debug */,
				8EB55E2A2BA374CC00664576 /* Release */,
			);
			defaultConfigurationIsVisible = 0;
			defaultConfigurationName = Release;
		};
/* End XCConfigurationList section */
	};
	rootObject = 8EB55DF62BA374C800664576 /* Project object */;
}
